
Microsoft Visual Studio Solution File, Format Version 12.00
# Visual Studio 15
VisualStudioVersion = 15.0.26730.16
MinimumVisualStudioVersion = 10.0.40219.1
Project("{FAE04EC0-301F-11D3-BF4B-00C04F79EFBC}") = "VideoPlayer", "VideoPlayer\VideoPlayer.csproj", "{6CB56BF7-D0B4-422C-82B3-CC17DCEEAFE5}"
EndProject
Global
	GlobalSection(SolutionConfigurationPlatforms) = preSolution
		Debug|Any CPU = Debug|Any CPU
		Release|Any CPU = Release|Any CPU
	EndGlobalSection
	GlobalSection(ProjectConfigurationPlatforms) = postSolution
		{6CB56BF7-D0B4-422C-82B3-CC17DCEEAFE5}.Debug|Any CPU.ActiveCfg = Debug|Any CPU
		{6CB56BF7-D0B4-422C-82B3-CC17DCEEAFE5}.Debug|Any CPU.Build.0 = Debug|Any CPU
		{6CB56BF7-D0B4-422C-82B3-CC17DCEEAFE5}.Release|Any CPU.ActiveCfg = Release|Any CPU
		{6CB56BF7-D0B4-422C-82B3-CC17DCEEAFE5}.Release|Any CPU.Build.0 = Release|Any CPU
	EndGlobalSection
	GlobalSection(SolutionProperties) = preSolution
		HideSolutionNode = FALSE
	EndGlobalSection
	GlobalSection(ExtensibilityGlobals) = postSolution
		SolutionGuid = {484E1269-31A0-436B-8A42-6DD6E1E5E86D}
	EndGlobalSection
EndGlobal
